// !$*UTF8*$!
{
	archiveVersion = 1;
	classes = {
	};
	objectVersion = 46;
	objects = {

/* Begin PBXBuildFile section */
		BA0E14A31F48273400769367 /* AppDelegate.swift in Sources */ = {isa = PBXBuildFile; fileRef = BA0E14A21F48273400769367 /* AppDelegate.swift */; };
		BA0E14A51F48273400769367 /* ViewController.swift in Sources */ = {isa = PBXBuildFile; fileRef = BA0E14A41F48273400769367 /* ViewController.swift */; };
		BA0E14A81F48273400769367 /* Main.storyboard in Resources */ = {isa = PBXBuildFile; fileRef = BA0E14A61F48273400769367 /* Main.storyboard */; };
		BA0E14AB1F48273400769367 /* coffee.xcdatamodeld in Sources */ = {isa = PBXBuildFile; fileRef = BA0E14A91F48273400769367 /* coffee.xcdatamodeld */; };
		BA0E14AD1F48273400769367 /* Assets.xcassets in Resources */ = {isa = PBXBuildFile; fileRef = BA0E14AC1F48273400769367 /* Assets.xcassets */; };
		BA0E14B01F48273400769367 /* LaunchScreen.storyboard in Resources */ = {isa = PBXBuildFile; fileRef = BA0E14AE1F48273400769367 /* LaunchScreen.storyboard */; };
/* End PBXBuildFile section */

/* Begin PBXFileReference section */
		BA0E149F1F48273400769367 /* coffee.app */ = {isa = PBXFileReference; explicitFileType = wrapper.application; includeInIndex = 0; path = coffee.app; sourceTree = BUILT_PRODUCTS_DIR; };
		BA0E14A21F48273400769367 /* AppDelegate.swift */ = {isa = PBXFileReference; lastKnownFileType = sourcecode.swift; path = AppDelegate.swift; sourceTree = "<group>"; };
		BA0E14A41F48273400769367 /* ViewController.swift */ = {isa = PBXFileReference; lastKnownFileType = sourcecode.swift; path = ViewController.swift; sourceTree = "<group>"; };
		BA0E14A71F48273400769367 /* Base */ = {isa = PBXFileReference; lastKnownFileType = file.storyboard; name = Base; path = Base.lproj/Main.storyboard; sourceTree = "<group>"; };
		BA0E14AA1F48273400769367 /* coffee.xcdatamodel */ = {isa = PBXFileReference; lastKnownFileType = wrapper.xcdatamodel; path = coffee.xcdatamodel; sourceTree = "<group>"; };
		BA0E14AC1F48273400769367 /* Assets.xcassets */ = {isa = PBXFileReference; lastKnownFileType = folder.assetcatalog; path = Assets.xcassets; sourceTree = "<group>"; };
		BA0E14AF1F48273400769367 /* Base */ = {isa = PBXFileReference; lastKnownFileType = file.storyboard; name = Base; path = Base.lproj/LaunchScreen.storyboard; sourceTree = "<group>"; };
		BA0E14B11F48273400769367 /* Info.plist */ = {isa = PBXFileReference; lastKnownFileType = text.plist.xml; path = Info.plist; sourceTree = "<group>"; };
/* End PBXFileReference section */

/* Begin PBXFrameworksBuildPhase section */
		BA0E149C1F48273400769367 /* Frameworks */ = {
			isa = PBXFrameworksBuildPhase;
			buildActionMask = 2147483647;
			files = (
			);
			runOnlyForDeploymentPostprocessing = 0;
		};
/* End PBXFrameworksBuildPhase section */

/* Begin PBXGroup section */
		BA0E14961F48273400769367 = {
			isa = PBXGroup;
			children = (
				BA0E14A11F48273400769367 /* coffee */,
				BA0E14A01F48273400769367 /* Products */,
			);
			sourceTree = "<group>";
		};
		BA0E14A01F48273400769367 /* Products */ = {
			isa = PBXGroup;
			children = (
				BA0E149F1F48273400769367 /* coffee.app */,
			);
			name = Products;
			sourceTree = "<group>";
		};
		BA0E14A11F48273400769367 /* coffee */ = {
			isa = PBXGroup;
			children = (
				BA0E14A21F48273400769367 /* AppDelegate.swift */,
				BA0E14A41F48273400769367 /* ViewController.swift */,
				BA0E14A61F48273400769367 /* Main.storyboard */,
				BA0E14AC1F48273400769367 /* Assets.xcassets */,
				BA0E14AE1F48273400769367 /* LaunchScreen.storyboard */,
				BA0E14B11F48273400769367 /* Info.plist */,
				BA0E14A91F48273400769367 /* coffee.xcdatamodeld */,
			);
			path = coffee;
			sourceTree = "<group>";
		};
/* End PBXGroup section */

/* Begin PBXNativeTarget section */
		BA0E149E1F48273400769367 /* coffee */ = {
			isa = PBXNativeTarget;
			buildConfigurationList = BA0E14B41F48273400769367 /* Build configuration list for PBXNativeTarget "coffee" */;
			buildPhases = (
				BA0E149B1F48273400769367 /* Sources */,
				BA0E149C1F48273400769367 /* Frameworks */,
				BA0E149D1F48273400769367 /* Resources */,
			);
			buildRules = (
			);
			dependencies = (
			);
			name = coffee;
			productName = coffee;
			productReference = BA0E149F1F48273400769367 /* coffee.app */;
			productType = "com.apple.product-type.application";
		};
/* End PBXNativeTarget section */

/* Begin PBXProject section */
		BA0E14971F48273400769367 /* Project object */ = {
			isa = PBXProject;
			attributes = {
				LastSwiftUpdateCheck = 0830;
				LastUpgradeCheck = 0830;
				ORGANIZATIONNAME = takayan;
				TargetAttributes = {
					BA0E149E1F48273400769367 = {
						CreatedOnToolsVersion = 8.3.3;
						DevelopmentTeam = 8V9WF95ETQ;
						ProvisioningStyle = Automatic;
					};
				};
			};
			buildConfigurationList = BA0E149A1F48273400769367 /* Build configuration list for PBXProject "coffee" */;
			compatibilityVersion = "Xcode 3.2";
			developmentRegion = English;
			hasScannedForEncodings = 0;
			knownRegions = (
				en,
				Base,
			);
			mainGroup = BA0E14961F48273400769367;
			productRefGroup = BA0E14A01F48273400769367 /* Products */;
			projectDirPath = "";
			projectRoot = "";
			targets = (
				BA0E149E1F48273400769367 /* coffee */,
			);
		};
/* End PBXProject section */

/* Begin PBXResourcesBuildPhase section */
		BA0E149D1F48273400769367 /* Resources */ = {
			isa = PBXResourcesBuildPhase;
			buildActionMask = 2147483647;
			files = (
				BA0E14B01F48273400769367 /* LaunchScreen.storyboard in Resources */,
				BA0E14AD1F48273400769367 /* Assets.xcassets in Resources */,
				BA0E14A81F48273400769367 /* Main.storyboard in Resources */,
			);
			runOnlyForDeploymentPostprocessing = 0;
		};
/* End PBXResourcesBuildPhase section */

/* Begin PBXSourcesBuildPhase section */
		BA0E149B1F48273400769367 /* Sources */ = {
			isa = PBXSourcesBuildPhase;
			buildActionMask = 2147483647;
			files = (
				BA0E14AB1F48273400769367 /* coffee.xcdatamodeld in Sources */,
				BA0E14A51F48273400769367 /* ViewController.swift in Sources */,
				BA0E14A31F48273400769367 /* AppDelegate.swift in Sources */,
			);
			runOnlyForDeploymentPostprocessing = 0;
		};
/* End PBXSourcesBuildPhase section */

/* Begin PBXVariantGroup section */
		BA0E14A61F48273400769367 /* Main.storyboard */ = {
			isa = PBXVariantGroup;
			children = (
				BA0E14A71F48273400769367 /* Base */,
			);
			name = Main.storyboard;
			sourceTree = "<group>";
		};
		BA0E14AE1F48273400769367 /* LaunchScreen.storyboard */ = {
			isa = PBXVariantGroup;
			children = (
				BA0E14AF1F48273400769367 /* Base */,
			);
			name = LaunchScreen.storyboard;
			sourceTree = "<group>";
		};
/* End PBXVariantGroup section */

/* Begin XCBuildConfiguration section */
		BA0E14B21F48273400769367 /* Debug */ = {
			isa = XCBuildConfiguration;
			buildSettings = {
				ALWAYS_SEARCH_USER_PATHS = NO;
				CLANG_ANALYZER_NONNULL = YES;
				CLANG_ANALYZER_NUMBER_OBJECT_CONVERSION = YES_AGGRESSIVE;
				CLANG_CXX_LANGUAGE_STANDARD = "gnu++0x";
				CLANG_CXX_LIBRARY = "libc++";
				CLANG_ENABLE_MODULES = YES;
				CLANG_ENABLE_OBJC_ARC = YES;
				CLANG_WARN_BOOL_CONVERSION = YES;
				CLANG_WARN_CONSTANT_CONVERSION = YES;
				CLANG_WARN_DIRECT_OBJC_ISA_USAGE = YES_ERROR;
				CLANG_WARN_DOCUMENTATION_COMMENTS = YES;
				CLANG_WARN_EMPTY_BODY = YES;
				CLANG_WARN_ENUM_CONVERSION = YES;
				CLANG_WARN_INFINITE_RECURSION = YES;
				CLANG_WARN_INT_CONVERSION = YES;
				CLANG_WARN_OBJC_ROOT_CLASS = YES_ERROR;
				CLANG_WARN_SUSPICIOUS_MOVE = YES;
				CLANG_WARN_UNREACHABLE_CODE = YES;
				CLANG_WARN__DUPLICATE_METHOD_MATCH = YES;
				"CODE_SIGN_IDENTITY[sdk=iphoneos*]" = "iPhone Developer";
				COPY_PHASE_STRIP = NO;
				DEBUG_INFORMATION_FORMAT = dwarf;
				ENABLE_STRICT_OBJC_MSGSEND = YES;
				ENABLE_TESTABILITY = YES;
				GCC_C_LANGUAGE_STANDARD = gnu99;
				GCC_DYNAMIC_NO_PIC = NO;
				GCC_NO_COMMON_BLOCKS = YES;
				GCC_OPTIMIZATION_LEVEL = 0;
				GCC_PREPROCESSOR_DEFINITIONS = (
					"DEBUG=1",
					"$(inherited)",
				);
				GCC_WARN_64_TO_32_BIT_CONVERSION = YES;
				GCC_WARN_ABOUT_RETURN_TYPE = YES_ERROR;
				GCC_WARN_UNDECLARED_SELECTOR = YES;
				GCC_WARN_UNINITIALIZED_AUTOS = YES_AGGRESSIVE;
				GCC_WARN_UNUSED_FUNCTION = YES;
				GCC_WARN_UNUSED_VARIABLE = YES;
				IPHONEOS_DEPLOYMENT_TARGET = 10.3;
				MTL_ENABLE_DEBUG_INFO = YES;
				ONLY_ACTIVE_ARCH = YES;
				SDKROOT = iphoneos;
				SWIFT_ACTIVE_COMPILATION_CONDITIONS = DEBUG;
				SWIFT_OPTIMIZATION_LEVEL = "-Onone";
			};
			name = Debug;
		};
		BA0E14B31F48273400769367 /* Release */ = {
			isa = XCBuildConfiguration;
			buildSettings = {
				ALWAYS_SEARCH_USER_PATHS = NO;
				CLANG_ANALYZER_NONNULL = YES;
				CLANG_ANALYZER_NUMBER_OBJECT_CONVERSION = YES_AGGRESSIVE;
				CLANG_CXX_LANGUAGE_STANDARD = "gnu++0x";
				CLANG_CXX_LIBRARY = "libc++";
				CLANG_ENABLE_MODULES = YES;
				CLANG_ENABLE_OBJC_ARC = YES;
				CLANG_WARN_BOOL_CONVERSION = YES;
				CLANG_WARN_CONSTANT_CONVERSION = YES;
				CLANG_WARN_DIRECT_OBJC_ISA_USAGE = YES_ERROR;
				CLANG_WARN_DOCUMENTATION_COMMENTS = YES;
				CLANG_WARN_EMPTY_BODY = YES;
				CLANG_WARN_ENUM_CONVERSION = YES;
				CLANG_WARN_INFINITE_RECURSION = YES;
				CLANG_WARN_INT_CONVERSION = YES;
				CLANG_WARN_OBJC_ROOT_CLASS = YES_ERROR;
				CLANG_WARN_SUSPICIOUS_MOVE = YES;
				CLANG_WARN_UNREACHABLE_CODE = YES;
				CLANG_WARN__DUPLICATE_METHOD_MATCH = YES;
				"CODE_SIGN_IDENTITY[sdk=iphoneos*]" = "iPhone Developer";
				COPY_PHASE_STRIP = NO;
				DEBUG_INFORMATION_FORMAT = "dwarf-with-dsym";
				ENABLE_NS_ASSERTIONS = NO;
				ENABLE_STRICT_OBJC_MSGSEND = YES;
				GCC_C_LANGUAGE_STANDARD = gnu99;
				GCC_NO_COMMON_BLOCKS = YES;
				GCC_WARN_64_TO_32_BIT_CONVERSION = YES;
				GCC_WARN_ABOUT_RETURN_TYPE = YES_ERROR;
				GCC_WARN_UNDECLARED_SELECTOR = YES;
				GCC_WARN_UNINITIALIZED_AUTOS = YES_AGGRESSIVE;
				GCC_WARN_UNUSED_FUNCTION = YES;
				GCC_WARN_UNUSED_VARIABLE = YES;
				IPHONEOS_DEPLOYMENT_TARGET = 10.3;
				MTL_ENABLE_DEBUG_INFO = NO;
				SDKROOT = iphoneos;
				SWIFT_OPTIMIZATION_LEVEL = "-Owholemodule";
				VALIDATE_PRODUCT = YES;
			};
			name = Release;
		};
		BA0E14B51F48273400769367 /* Debug */ = {
			isa = XCBuildConfiguration;
			buildSettings = {
				ASSETCATALOG_COMPILER_APPICON_NAME = AppIcon;
				DEVELOPMENT_TEAM = 8V9WF95ETQ;
				INFOPLIST_FILE = coffee/Info.plist;
				LD_RUNPATH_SEARCH_PATHS = "$(inherited) @executable_path/Frameworks";
				PRODUCT_BUNDLE_IDENTIFIER = takayan.coffee;
				PRODUCT_NAME = "$(TARGET_NAME)";
				SWIFT_VERSION = 3.0;
			};
			name = Debug;
		};
		BA0E14B61F48273400769367 /* Release */ = {
			isa = XCBuildConfiguration;
			buildSettings = {
				ASSETCATALOG_COMPILER_APPICON_NAME = AppIcon;
				DEVELOPMENT_TEAM = 8V9WF95ETQ;
				INFOPLIST_FILE = coffee/Info.plist;
				LD_RUNPATH_SEARCH_PATHS = "$(inherited) @executable_path/Frameworks";
				PRODUCT_BUNDLE_IDENTIFIER = takayan.coffee;
				PRODUCT_NAME = "$(TARGET_NAME)";
				SWIFT_VERSION = 3.0;
			};
			name = Release;
		};
/* End XCBuildConfiguration section */

/* Begin XCConfigurationList section */
		BA0E149A1F48273400769367 /* Build configuration list for PBXProject "coffee" */ = {
			isa = XCConfigurationList;
			buildConfigurations = (
				BA0E14B21F48273400769367 /* Debug */,
				BA0E14B31F48273400769367 /* Release */,
			);
			defaultConfigurationIsVisible = 0;
			defaultConfigurationName = Release;
		};
		BA0E14B41F48273400769367 /* Build configuration list for PBXNativeTarget "coffee" */ = {
			isa = XCConfigurationList;
			buildConfigurations = (
				BA0E14B51F48273400769367 /* Debug */,
				BA0E14B61F48273400769367 /* Release */,
			);
			defaultConfigurationIsVisible = 0;
		};
/* End XCConfigurationList section */

/* Begin XCVersionGroup section */
		BA0E14A91F48273400769367 /* coffee.xcdatamodeld */ = {
			isa = XCVersionGroup;
			children = (
				BA0E14AA1F48273400769367 /* coffee.xcdatamodel */,
			);
			currentVersion = BA0E14AA1F48273400769367 /* coffee.xcdatamodel */;
			path = coffee.xcdatamodeld;
			sourceTree = "<group>";
			versionGroupType = wrapper.xcdatamodel;
		};
/* End XCVersionGroup section */
	};
	rootObject = BA0E14971F48273400769367 /* Project object */;
}
